
Microsoft Visual Studio Solution File, Format Version 12.00
# Visual Studio 15
VisualStudioVersion = 15.0.27130.2036
MinimumVisualStudioVersion = 10.0.40219.1
Project("{FAE04EC0-301F-11D3-BF4B-00C04F79EFBC}") = "Bank", "Bank\Bank.csproj", "{55E9B6BA-F4A7-4EF6-A40D-90D95BBDDFA1}"
EndProject
Project("{FAE04EC0-301F-11D3-BF4B-00C04F79EFBC}") = "BankTest", "BankTest\BankTest.csproj", "{8F169F6D-C9B9-4460-8A79-BE7A072C53CD}"
EndProject
Global
	GlobalSection(SolutionConfigurationPlatforms) = preSolution
		Debug|Any CPU = Debug|Any CPU
		Release|Any CPU = Release|Any CPU
	EndGlobalSection
	GlobalSection(ProjectConfigurationPlatforms) = postSolution
		{55E9B6BA-F4A7-4EF6-A40D-90D95BBDDFA1}.Debug|Any CPU.ActiveCfg = Debug|Any CPU
		{55E9B6BA-F4A7-4EF6-A40D-90D95BBDDFA1}.Debug|Any CPU.Build.0 = Debug|Any CPU
		{55E9B6BA-F4A7-4EF6-A40D-90D95BBDDFA1}.Release|Any CPU.ActiveCfg = Release|Any CPU
		{55E9B6BA-F4A7-4EF6-A40D-90D95BBDDFA1}.Release|Any CPU.Build.0 = Release|Any CPU
		{8F169F6D-C9B9-4460-8A79-BE7A072C53CD}.Debug|Any CPU.ActiveCfg = Debug|Any CPU
		{8F169F6D-C9B9-4460-8A79-BE7A072C53CD}.Debug|Any CPU.Build.0 = Debug|Any CPU
		{8F169F6D-C9B9-4460-8A79-BE7A072C53CD}.Release|Any CPU.ActiveCfg = Release|Any CPU
		{8F169F6D-C9B9-4460-8A79-BE7A072C53CD}.Release|Any CPU.Build.0 = Release|Any CPU
	EndGlobalSection
	GlobalSection(SolutionProperties) = preSolution
		HideSolutionNode = FALSE
	EndGlobalSection
	GlobalSection(ExtensibilityGlobals) = postSolution
		SolutionGuid = {3586C975-94CF-4459-9E1F-AF8F045108BC}
	EndGlobalSection
EndGlobal
